
Microsoft Visual Studio Solution File, Format Version 12.00
# Visual Studio Version 16
VisualStudioVersion = 16.0.31624.102
MinimumVisualStudioVersion = 10.0.40219.1
Project("{FAE04EC0-301F-11D3-BF4B-00C04F79EFBC}") = "trend-indicators", "trend-indicators\trend-indicators.csproj", "{2632F713-AE8D-4420-9FAB-0435D543F8FF}"
EndProject
Global
	GlobalSection(SolutionConfigurationPlatforms) = preSolution
		Debug|Any CPU = Debug|Any CPU
		Release|Any CPU = Release|Any CPU
	EndGlobalSection
	GlobalSection(ProjectConfigurationPlatforms) = postSolution
		{2632F713-AE8D-4420-9FAB-0435D543F8FF}.Debug|Any CPU.ActiveCfg = Debug|Any CPU
		{2632F713-AE8D-4420-9FAB-0435D543F8FF}.Debug|Any CPU.Build.0 = Debug|Any CPU
		{2632F713-AE8D-4420-9FAB-0435D543F8FF}.Release|Any CPU.ActiveCfg = Release|Any CPU
		{2632F713-AE8D-4420-9FAB-0435D543F8FF}.Release|Any CPU.Build.0 = Release|Any CPU
	EndGlobalSection
	GlobalSection(SolutionProperties) = preSolution
		HideSolutionNode = FALSE
	EndGlobalSection
	GlobalSection(ExtensibilityGlobals) = postSolution
		SolutionGuid = {881F2C60-354F-449A-8622-13C0746150AA}
	EndGlobalSection
EndGlobal
